PODS:
  - FlutterMacOS (1.0.0)
  - monero (0.0.1):
    - FlutterMacOS

DEPENDENCIES:
  - FlutterMacOS (from `Flutter/ephemeral`)
  - monero (from `Flutter/ephemeral/.symlinks/plugins/monero/macos`)

EXTERNAL SOURCES:
  FlutterMacOS:
    :path: Flutter/ephemeral
  monero:
    :path: Flutter/ephemeral/.symlinks/plugins/monero/macos

SPEC CHECKSUMS:
  FlutterMacOS: d0db08ddef1a9af05a5ec4b724367152bb0500b1
  monero: 99639c595c92bc7d275205e47302d6c3ff9dc972

PODFILE CHECKSUM: 54d867c82ac51cbd61b565781b9fada492027009

COCOAPODS: 1.16.2
